
Microsoft Visual Studio Solution File, Format Version 12.00
# Visual Studio Version 17
VisualStudioVersion = 17.6.33829.357
MinimumVisualStudioVersion = 10.0.40219.1
Project("{FAE04EC0-301F-11D3-BF4B-00C04F79EFBC}") = "MVCFoodApp", "MVCFoodApp\MVCFoodApp.csproj", "{214A7F72-78BD-4D81-85CD-63325A4020E2}"
EndProject
Global
	GlobalSection(SolutionConfigurationPlatforms) = preSolution
		Debug|Any CPU = Debug|Any CPU
		Release|Any CPU = Release|Any CPU
	EndGlobalSection
	GlobalSection(ProjectConfigurationPlatforms) = postSolution
		{214A7F72-78BD-4D81-85CD-63325A4020E2}.Debug|Any CPU.ActiveCfg = Debug|Any CPU
		{214A7F72-78BD-4D81-85CD-63325A4020E2}.Debug|Any CPU.Build.0 = Debug|Any CPU
		{214A7F72-78BD-4D81-85CD-63325A4020E2}.Release|Any CPU.ActiveCfg = Release|Any CPU
		{214A7F72-78BD-4D81-85CD-63325A4020E2}.Release|Any CPU.Build.0 = Release|Any CPU
	EndGlobalSection
	GlobalSection(SolutionProperties) = preSolution
		HideSolutionNode = FALSE
	EndGlobalSection
	GlobalSection(ExtensibilityGlobals) = postSolution
		SolutionGuid = {741003E0-3B42-46C1-AC6F-B5A84AAFB89E}
	EndGlobalSection
EndGlobal
